
Microsoft Visual Studio Solution File, Format Version 12.00
# Visual Studio Version 17
VisualStudioVersion = 17.1.32421.90
MinimumVisualStudioVersion = 10.0.40219.1
Project("{888888A0-9F3D-457C-B088-3A5042F75D52}") = "WebScraper", "WebScraper\WebScraper.pyproj", "{D983A885-F481-4F48-87F1-E5541D7261EE}"
EndProject
Global
	GlobalSection(SolutionConfigurationPlatforms) = preSolution
		Debug|Any CPU = Debug|Any CPU
		Release|Any CPU = Release|Any CPU
	EndGlobalSection
	GlobalSection(ProjectConfigurationPlatforms) = postSolution
		{D983A885-F481-4F48-87F1-E5541D7261EE}.Debug|Any CPU.ActiveCfg = Debug|Any CPU
		{D983A885-F481-4F48-87F1-E5541D7261EE}.Release|Any CPU.ActiveCfg = Release|Any CPU
	EndGlobalSection
	GlobalSection(SolutionProperties) = preSolution
		HideSolutionNode = FALSE
	EndGlobalSection
	GlobalSection(ExtensibilityGlobals) = postSolution
		SolutionGuid = {BE4B9E4C-1B28-4F75-9654-8BFAAFCC399F}
	EndGlobalSection
EndGlobal
