
Microsoft Visual Studio Solution File, Format Version 12.00
# Visual Studio Version 17
VisualStudioVersion = 17.1.32421.90
MinimumVisualStudioVersion = 10.0.40219.1
Project("{8BC9CEB8-8B4A-11D0-8D11-00A0C91BC942}") = "white_sheet", "white_sheet\white_sheet.vcxproj", "{8C85DF7C-6713-42DA-8BA2-FD73F993EE45}"
EndProject
Global
	GlobalSection(SolutionConfigurationPlatforms) = preSolution
		Debug|x64 = Debug|x64
		Debug|x86 = Debug|x86
		Release|x64 = Release|x64
		Release|x86 = Release|x86
	EndGlobalSection
	GlobalSection(ProjectConfigurationPlatforms) = postSolution
		{8C85DF7C-6713-42DA-8BA2-FD73F993EE45}.Debug|x64.ActiveCfg = Debug|x64
		{8C85DF7C-6713-42DA-8BA2-FD73F993EE45}.Debug|x64.Build.0 = Debug|x64
		{8C85DF7C-6713-42DA-8BA2-FD73F993EE45}.Debug|x86.ActiveCfg = Debug|Win32
		{8C85DF7C-6713-42DA-8BA2-FD73F993EE45}.Debug|x86.Build.0 = Debug|Win32
		{8C85DF7C-6713-42DA-8BA2-FD73F993EE45}.Release|x64.ActiveCfg = Release|x64
		{8C85DF7C-6713-42DA-8BA2-FD73F993EE45}.Release|x64.Build.0 = Release|x64
		{8C85DF7C-6713-42DA-8BA2-FD73F993EE45}.Release|x86.ActiveCfg = Release|Win32
		{8C85DF7C-6713-42DA-8BA2-FD73F993EE45}.Release|x86.Build.0 = Release|Win32
	EndGlobalSection
	GlobalSection(SolutionProperties) = preSolution
		HideSolutionNode = FALSE
	EndGlobalSection
	GlobalSection(ExtensibilityGlobals) = postSolution
		SolutionGuid = {2F8B2327-0A40-47F8-9127-C69D54F41C3C}
	EndGlobalSection
EndGlobal
