
Microsoft Visual Studio Solution File, Format Version 12.00
# Visual Studio Version 17
VisualStudioVersion = 17.1.32421.90
MinimumVisualStudioVersion = 10.0.40219.1
Project("{8BC9CEB8-8B4A-11D0-8D11-00A0C91BC942}") = "year_of_the_cow", "year_of_the_cow\year_of_the_cow.vcxproj", "{D94DEB1C-8C6B-4B9D-A698-FACE58CA408B}"
EndProject
Global
	GlobalSection(SolutionConfigurationPlatforms) = preSolution
		Debug|x64 = Debug|x64
		Debug|x86 = Debug|x86
		Release|x64 = Release|x64
		Release|x86 = Release|x86
	EndGlobalSection
	GlobalSection(ProjectConfigurationPlatforms) = postSolution
		{D94DEB1C-8C6B-4B9D-A698-FACE58CA408B}.Debug|x64.ActiveCfg = Debug|x64
		{D94DEB1C-8C6B-4B9D-A698-FACE58CA408B}.Debug|x64.Build.0 = Debug|x64
		{D94DEB1C-8C6B-4B9D-A698-FACE58CA408B}.Debug|x86.ActiveCfg = Debug|Win32
		{D94DEB1C-8C6B-4B9D-A698-FACE58CA408B}.Debug|x86.Build.0 = Debug|Win32
		{D94DEB1C-8C6B-4B9D-A698-FACE58CA408B}.Release|x64.ActiveCfg = Release|x64
		{D94DEB1C-8C6B-4B9D-A698-FACE58CA408B}.Release|x64.Build.0 = Release|x64
		{D94DEB1C-8C6B-4B9D-A698-FACE58CA408B}.Release|x86.ActiveCfg = Release|Win32
		{D94DEB1C-8C6B-4B9D-A698-FACE58CA408B}.Release|x86.Build.0 = Release|Win32
	EndGlobalSection
	GlobalSection(SolutionProperties) = preSolution
		HideSolutionNode = FALSE
	EndGlobalSection
	GlobalSection(ExtensibilityGlobals) = postSolution
		SolutionGuid = {28F6E50E-00BC-4020-9DB4-957F8B338049}
	EndGlobalSection
EndGlobal
