
Microsoft Visual Studio Solution File, Format Version 12.00
# Visual Studio Version 17
VisualStudioVersion = 17.1.32421.90
MinimumVisualStudioVersion = 10.0.40219.1
Project("{8BC9CEB8-8B4A-11D0-8D11-00A0C91BC942}") = "CountingLiars", "CountingLiars\CountingLiars.vcxproj", "{5A5B880E-F28E-4310-A91C-272AF43263A8}"
EndProject
Global
	GlobalSection(SolutionConfigurationPlatforms) = preSolution
		Debug|x64 = Debug|x64
		Debug|x86 = Debug|x86
		Release|x64 = Release|x64
		Release|x86 = Release|x86
	EndGlobalSection
	GlobalSection(ProjectConfigurationPlatforms) = postSolution
		{5A5B880E-F28E-4310-A91C-272AF43263A8}.Debug|x64.ActiveCfg = Debug|x64
		{5A5B880E-F28E-4310-A91C-272AF43263A8}.Debug|x64.Build.0 = Debug|x64
		{5A5B880E-F28E-4310-A91C-272AF43263A8}.Debug|x86.ActiveCfg = Debug|Win32
		{5A5B880E-F28E-4310-A91C-272AF43263A8}.Debug|x86.Build.0 = Debug|Win32
		{5A5B880E-F28E-4310-A91C-272AF43263A8}.Release|x64.ActiveCfg = Release|x64
		{5A5B880E-F28E-4310-A91C-272AF43263A8}.Release|x64.Build.0 = Release|x64
		{5A5B880E-F28E-4310-A91C-272AF43263A8}.Release|x86.ActiveCfg = Release|Win32
		{5A5B880E-F28E-4310-A91C-272AF43263A8}.Release|x86.Build.0 = Release|Win32
	EndGlobalSection
	GlobalSection(SolutionProperties) = preSolution
		HideSolutionNode = FALSE
	EndGlobalSection
	GlobalSection(ExtensibilityGlobals) = postSolution
		SolutionGuid = {5455E17A-84A4-49FE-81EA-D8A998A79F33}
	EndGlobalSection
EndGlobal
