
Microsoft Visual Studio Solution File, Format Version 12.00
# Visual Studio Version 17
VisualStudioVersion = 17.1.32421.90
MinimumVisualStudioVersion = 10.0.40219.1
Project("{8BC9CEB8-8B4A-11D0-8D11-00A0C91BC942}") = "blocks", "blocks\blocks.vcxproj", "{4B6EC435-4A7E-4AC2-95F6-EE830EB1F122}"
EndProject
Global
	GlobalSection(SolutionConfigurationPlatforms) = preSolution
		Debug|x64 = Debug|x64
		Debug|x86 = Debug|x86
		Release|x64 = Release|x64
		Release|x86 = Release|x86
	EndGlobalSection
	GlobalSection(ProjectConfigurationPlatforms) = postSolution
		{4B6EC435-4A7E-4AC2-95F6-EE830EB1F122}.Debug|x64.ActiveCfg = Debug|x64
		{4B6EC435-4A7E-4AC2-95F6-EE830EB1F122}.Debug|x64.Build.0 = Debug|x64
		{4B6EC435-4A7E-4AC2-95F6-EE830EB1F122}.Debug|x86.ActiveCfg = Debug|Win32
		{4B6EC435-4A7E-4AC2-95F6-EE830EB1F122}.Debug|x86.Build.0 = Debug|Win32
		{4B6EC435-4A7E-4AC2-95F6-EE830EB1F122}.Release|x64.ActiveCfg = Release|x64
		{4B6EC435-4A7E-4AC2-95F6-EE830EB1F122}.Release|x64.Build.0 = Release|x64
		{4B6EC435-4A7E-4AC2-95F6-EE830EB1F122}.Release|x86.ActiveCfg = Release|Win32
		{4B6EC435-4A7E-4AC2-95F6-EE830EB1F122}.Release|x86.Build.0 = Release|Win32
	EndGlobalSection
	GlobalSection(SolutionProperties) = preSolution
		HideSolutionNode = FALSE
	EndGlobalSection
	GlobalSection(ExtensibilityGlobals) = postSolution
		SolutionGuid = {B3BF0E6D-DE0B-46FE-8AED-51B25B2FC6F2}
	EndGlobalSection
EndGlobal
