
Microsoft Visual Studio Solution File, Format Version 12.00
# Visual Studio Version 17
VisualStudioVersion = 17.1.32421.90
MinimumVisualStudioVersion = 10.0.40219.1
Project("{888888A0-9F3D-457C-B088-3A5042F75D52}") = "pythontf", "pythontf\pythontf.pyproj", "{414A3559-82AE-4800-A65A-8587C01269D6}"
EndProject
Global
	GlobalSection(SolutionConfigurationPlatforms) = preSolution
		Debug|Any CPU = Debug|Any CPU
		Release|Any CPU = Release|Any CPU
	EndGlobalSection
	GlobalSection(ProjectConfigurationPlatforms) = postSolution
		{414A3559-82AE-4800-A65A-8587C01269D6}.Debug|Any CPU.ActiveCfg = Debug|Any CPU
		{414A3559-82AE-4800-A65A-8587C01269D6}.Release|Any CPU.ActiveCfg = Release|Any CPU
	EndGlobalSection
	GlobalSection(SolutionProperties) = preSolution
		HideSolutionNode = FALSE
	EndGlobalSection
	GlobalSection(ExtensibilityGlobals) = postSolution
		SolutionGuid = {8DF46C15-9A4D-4383-8A38-19E40CCA8F49}
	EndGlobalSection
EndGlobal
