
Microsoft Visual Studio Solution File, Format Version 12.00
# Visual Studio Version 17
VisualStudioVersion = 17.1.32421.90
MinimumVisualStudioVersion = 10.0.40219.1
Project("{8BC9CEB8-8B4A-11D0-8D11-00A0C91BC942}") = "guess_the_animal", "guess_the_animal\guess_the_animal.vcxproj", "{A1198D65-E3C0-4355-BC3E-5B13B647BE29}"
EndProject
Global
	GlobalSection(SolutionConfigurationPlatforms) = preSolution
		Debug|x64 = Debug|x64
		Debug|x86 = Debug|x86
		Release|x64 = Release|x64
		Release|x86 = Release|x86
	EndGlobalSection
	GlobalSection(ProjectConfigurationPlatforms) = postSolution
		{A1198D65-E3C0-4355-BC3E-5B13B647BE29}.Debug|x64.ActiveCfg = Debug|x64
		{A1198D65-E3C0-4355-BC3E-5B13B647BE29}.Debug|x64.Build.0 = Debug|x64
		{A1198D65-E3C0-4355-BC3E-5B13B647BE29}.Debug|x86.ActiveCfg = Debug|Win32
		{A1198D65-E3C0-4355-BC3E-5B13B647BE29}.Debug|x86.Build.0 = Debug|Win32
		{A1198D65-E3C0-4355-BC3E-5B13B647BE29}.Release|x64.ActiveCfg = Release|x64
		{A1198D65-E3C0-4355-BC3E-5B13B647BE29}.Release|x64.Build.0 = Release|x64
		{A1198D65-E3C0-4355-BC3E-5B13B647BE29}.Release|x86.ActiveCfg = Release|Win32
		{A1198D65-E3C0-4355-BC3E-5B13B647BE29}.Release|x86.Build.0 = Release|Win32
	EndGlobalSection
	GlobalSection(SolutionProperties) = preSolution
		HideSolutionNode = FALSE
	EndGlobalSection
	GlobalSection(ExtensibilityGlobals) = postSolution
		SolutionGuid = {67FFD556-17B7-4208-8A30-97113919CB96}
	EndGlobalSection
EndGlobal
