
Microsoft Visual Studio Solution File, Format Version 12.00
# Visual Studio Version 17
VisualStudioVersion = 17.1.32421.90
MinimumVisualStudioVersion = 10.0.40219.1
Project("{888888A0-9F3D-457C-B088-3A5042F75D52}") = "MLspeedrun", "MLspeedrun\MLspeedrun.pyproj", "{D5A19CAE-9C15-4360-B0F7-7E0D8E3CCE66}"
EndProject
Global
	GlobalSection(SolutionConfigurationPlatforms) = preSolution
		Debug|Any CPU = Debug|Any CPU
		Release|Any CPU = Release|Any CPU
	EndGlobalSection
	GlobalSection(ProjectConfigurationPlatforms) = postSolution
		{D5A19CAE-9C15-4360-B0F7-7E0D8E3CCE66}.Debug|Any CPU.ActiveCfg = Debug|Any CPU
		{D5A19CAE-9C15-4360-B0F7-7E0D8E3CCE66}.Release|Any CPU.ActiveCfg = Release|Any CPU
	EndGlobalSection
	GlobalSection(SolutionProperties) = preSolution
		HideSolutionNode = FALSE
	EndGlobalSection
	GlobalSection(ExtensibilityGlobals) = postSolution
		SolutionGuid = {162E3C4B-BA7A-4B29-ACEB-3567570D9016}
	EndGlobalSection
EndGlobal
