
Microsoft Visual Studio Solution File, Format Version 12.00
# Visual Studio Version 17
VisualStudioVersion = 17.1.32421.90
MinimumVisualStudioVersion = 10.0.40219.1
Project("{8BC9CEB8-8B4A-11D0-8D11-00A0C91BC942}") = "officialhoofballsol", "officialhoofballsol\officialhoofballsol.vcxproj", "{F237E3F4-66DD-45BA-9A1E-8F78922EDBAA}"
EndProject
Global
	GlobalSection(SolutionConfigurationPlatforms) = preSolution
		Debug|x64 = Debug|x64
		Debug|x86 = Debug|x86
		Release|x64 = Release|x64
		Release|x86 = Release|x86
	EndGlobalSection
	GlobalSection(ProjectConfigurationPlatforms) = postSolution
		{F237E3F4-66DD-45BA-9A1E-8F78922EDBAA}.Debug|x64.ActiveCfg = Debug|x64
		{F237E3F4-66DD-45BA-9A1E-8F78922EDBAA}.Debug|x64.Build.0 = Debug|x64
		{F237E3F4-66DD-45BA-9A1E-8F78922EDBAA}.Debug|x86.ActiveCfg = Debug|Win32
		{F237E3F4-66DD-45BA-9A1E-8F78922EDBAA}.Debug|x86.Build.0 = Debug|Win32
		{F237E3F4-66DD-45BA-9A1E-8F78922EDBAA}.Release|x64.ActiveCfg = Release|x64
		{F237E3F4-66DD-45BA-9A1E-8F78922EDBAA}.Release|x64.Build.0 = Release|x64
		{F237E3F4-66DD-45BA-9A1E-8F78922EDBAA}.Release|x86.ActiveCfg = Release|Win32
		{F237E3F4-66DD-45BA-9A1E-8F78922EDBAA}.Release|x86.Build.0 = Release|Win32
	EndGlobalSection
	GlobalSection(SolutionProperties) = preSolution
		HideSolutionNode = FALSE
	EndGlobalSection
	GlobalSection(ExtensibilityGlobals) = postSolution
		SolutionGuid = {2C0637CF-050B-4D3C-809E-11BE3042754A}
	EndGlobalSection
EndGlobal
