
Microsoft Visual Studio Solution File, Format Version 12.00
# Visual Studio Version 17
VisualStudioVersion = 17.1.32421.90
MinimumVisualStudioVersion = 10.0.40219.1
Project("{8BC9CEB8-8B4A-11D0-8D11-00A0C91BC942}") = "cMIlk", "cMIlk\cMIlk.vcxproj", "{3AC53F67-BFDF-4CEB-83B1-5C61B4F69335}"
EndProject
Global
	GlobalSection(SolutionConfigurationPlatforms) = preSolution
		Debug|x64 = Debug|x64
		Debug|x86 = Debug|x86
		Release|x64 = Release|x64
		Release|x86 = Release|x86
	EndGlobalSection
	GlobalSection(ProjectConfigurationPlatforms) = postSolution
		{3AC53F67-BFDF-4CEB-83B1-5C61B4F69335}.Debug|x64.ActiveCfg = Debug|x64
		{3AC53F67-BFDF-4CEB-83B1-5C61B4F69335}.Debug|x64.Build.0 = Debug|x64
		{3AC53F67-BFDF-4CEB-83B1-5C61B4F69335}.Debug|x86.ActiveCfg = Debug|Win32
		{3AC53F67-BFDF-4CEB-83B1-5C61B4F69335}.Debug|x86.Build.0 = Debug|Win32
		{3AC53F67-BFDF-4CEB-83B1-5C61B4F69335}.Release|x64.ActiveCfg = Release|x64
		{3AC53F67-BFDF-4CEB-83B1-5C61B4F69335}.Release|x64.Build.0 = Release|x64
		{3AC53F67-BFDF-4CEB-83B1-5C61B4F69335}.Release|x86.ActiveCfg = Release|Win32
		{3AC53F67-BFDF-4CEB-83B1-5C61B4F69335}.Release|x86.Build.0 = Release|Win32
	EndGlobalSection
	GlobalSection(SolutionProperties) = preSolution
		HideSolutionNode = FALSE
	EndGlobalSection
	GlobalSection(ExtensibilityGlobals) = postSolution
		SolutionGuid = {BF074561-53DB-4CEF-8886-A901626B43E7}
	EndGlobalSection
EndGlobal
