
Microsoft Visual Studio Solution File, Format Version 12.00
# Visual Studio Version 17
VisualStudioVersion = 17.1.32421.90
MinimumVisualStudioVersion = 10.0.40219.1
Project("{8BC9CEB8-8B4A-11D0-8D11-00A0C91BC942}") = "editorialRuns", "editorialRuns\editorialRuns.vcxproj", "{90816818-9BE7-41A4-992C-C9547BC04654}"
EndProject
Global
	GlobalSection(SolutionConfigurationPlatforms) = preSolution
		Debug|x64 = Debug|x64
		Debug|x86 = Debug|x86
		Release|x64 = Release|x64
		Release|x86 = Release|x86
	EndGlobalSection
	GlobalSection(ProjectConfigurationPlatforms) = postSolution
		{90816818-9BE7-41A4-992C-C9547BC04654}.Debug|x64.ActiveCfg = Debug|x64
		{90816818-9BE7-41A4-992C-C9547BC04654}.Debug|x64.Build.0 = Debug|x64
		{90816818-9BE7-41A4-992C-C9547BC04654}.Debug|x86.ActiveCfg = Debug|Win32
		{90816818-9BE7-41A4-992C-C9547BC04654}.Debug|x86.Build.0 = Debug|Win32
		{90816818-9BE7-41A4-992C-C9547BC04654}.Release|x64.ActiveCfg = Release|x64
		{90816818-9BE7-41A4-992C-C9547BC04654}.Release|x64.Build.0 = Release|x64
		{90816818-9BE7-41A4-992C-C9547BC04654}.Release|x86.ActiveCfg = Release|Win32
		{90816818-9BE7-41A4-992C-C9547BC04654}.Release|x86.Build.0 = Release|Win32
	EndGlobalSection
	GlobalSection(SolutionProperties) = preSolution
		HideSolutionNode = FALSE
	EndGlobalSection
	GlobalSection(ExtensibilityGlobals) = postSolution
		SolutionGuid = {961EF724-15CB-49CA-9357-1E6423E9F11A}
	EndGlobalSection
EndGlobal
